// !$*UTF8*$!
{
	archiveVersion = 1;
	classes = {
	};
	objectVersion = 46;
	objects = {

/* Begin PBXBuildFile section */
		3C123B6B1D5CA1F4008801F9 /* AppDelegate.swift in Sources */ = {isa = PBXBuildFile; fileRef = 3C123B6A1D5CA1F4008801F9 /* AppDelegate.swift */; };
		3C123B6D1D5CA1F4008801F9 /* ViewController.swift in Sources */ = {isa = PBXBuildFile; fileRef = 3C123B6C1D5CA1F4008801F9 /* ViewController.swift */; };
		3C123B701D5CA1F4008801F9 /* Main.storyboard in Resources */ = {isa = PBXBuildFile; fileRef = 3C123B6E1D5CA1F4008801F9 /* Main.storyboard */; };
		3C123B721D5CA1F4008801F9 /* Assets.xcassets in Resources */ = {isa = PBXBuildFile; fileRef = 3C123B711D5CA1F4008801F9 /* Assets.xcassets */; };
		3C123B751D5CA1F4008801F9 /* LaunchScreen.storyboard in Resources */ = {isa = PBXBuildFile; fileRef = 3C123B731D5CA1F4008801F9 /* LaunchScreen.storyboard */; };
/* End PBXBuildFile section */

/* Begin PBXFileReference section */
		3C123B671D5CA1F4008801F9 /* UIAlertControllerTutorial.app */ = {isa = PBXFileReference; explicitFileType = wrapper.application; includeInIndex = 0; path = UIAlertControllerTutorial.app; sourceTree = BUILT_PRODUCTS_DIR; };
		3C123B6A1D5CA1F4008801F9 /* AppDelegate.swift */ = {isa = PBXFileReference; lastKnownFileType = sourcecode.swift; path = AppDelegate.swift; sourceTree = "<group>"; };
		3C123B6C1D5CA1F4008801F9 /* ViewController.swift */ = {isa = PBXFileReference; lastKnownFileType = sourcecode.swift; path = ViewController.swift; sourceTree = "<group>"; };
		3C123B6F1D5CA1F4008801F9 /* Base */ = {isa = PBXFileReference; lastKnownFileType = file.storyboard; name = Base; path = Base.lproj/Main.storyboard; sourceTree = "<group>"; };
		3C123B711D5CA1F4008801F9 /* Assets.xcassets */ = {isa = PBXFileReference; lastKnownFileType = folder.assetcatalog; path = Assets.xcassets; sourceTree = "<group>"; };
		3C123B741D5CA1F4008801F9 /* Base */ = {isa = PBXFileReference; lastKnownFileType = file.storyboard; name = Base; path = Base.lproj/LaunchScreen.storyboard; sourceTree = "<group>"; };
		3C123B761D5CA1F4008801F9 /* Info.plist */ = {isa = PBXFileReference; lastKnownFileType = text.plist.xml; path = Info.plist; sourceTree = "<group>"; };
/* End PBXFileReference section */

/* Begin PBXFrameworksBuildPhase section */
		3C123B641D5CA1F4008801F9 /* Frameworks */ = {
			isa = PBXFrameworksBuildPhase;
			buildActionMask = 2147483647;
			files = (
			);
			runOnlyForDeploymentPostprocessing = 0;
		};
/* End PBXFrameworksBuildPhase section */

/* Begin PBXGroup section */
		3C123B5E1D5CA1F4008801F9 = {
			isa = PBXGroup;
			children = (
				3C123B691D5CA1F4008801F9 /* UIAlertControllerTutorial */,
				3C123B681D5CA1F4008801F9 /* Products */,
			);
			sourceTree = "<group>";
		};
		3C123B681D5CA1F4008801F9 /* Products */ = {
			isa = PBXGroup;
			children = (
				3C123B671D5CA1F4008801F9 /* UIAlertControllerTutorial.app */,
			);
			name = Products;
			sourceTree = "<group>";
		};
		3C123B691D5CA1F4008801F9 /* UIAlertControllerTutorial */ = {
			isa = PBXGroup;
			children = (
				3C123B6A1D5CA1F4008801F9 /* AppDelegate.swift */,
				3C123B6C1D5CA1F4008801F9 /* ViewController.swift */,
				3C123B6E1D5CA1F4008801F9 /* Main.storyboard */,
				3C123B711D5CA1F4008801F9 /* Assets.xcassets */,
				3C123B731D5CA1F4008801F9 /* LaunchScreen.storyboard */,
				3C123B761D5CA1F4008801F9 /* Info.plist */,
			);
			path = UIAlertControllerTutorial;
			sourceTree = "<group>";
		};
/* End PBXGroup section */

/* Begin PBXNativeTarget section */
		3C123B661D5CA1F4008801F9 /* UIAlertControllerTutorial */ = {
			isa = PBXNativeTarget;
			buildConfigurationList = 3C123B791D5CA1F4008801F9 /* Build configuration list for PBXNativeTarget "UIAlertControllerTutorial" */;
			buildPhases = (
				3C123B631D5CA1F4008801F9 /* Sources */,
				3C123B641D5CA1F4008801F9 /* Frameworks */,
				3C123B651D5CA1F4008801F9 /* Resources */,
			);
			buildRules = (
			);
			dependencies = (
			);
			name = UIAlertControllerTutorial;
			productName = UIAlertControllerTutorial;
			productReference = 3C123B671D5CA1F4008801F9 /* UIAlertControllerTutorial.app */;
			productType = "com.apple.product-type.application";
		};
/* End PBXNativeTarget section */

/* Begin PBXProject section */
		3C123B5F1D5CA1F4008801F9 /* Project object */ = {
			isa = PBXProject;
			attributes = {
				LastSwiftUpdateCheck = 0730;
				LastUpgradeCheck = 0730;
				ORGANIZATIONNAME = ZPOTutorials;
				TargetAttributes = {
					3C123B661D5CA1F4008801F9 = {
						CreatedOnToolsVersion = 7.3.1;
					};
				};
			};
			buildConfigurationList = 3C123B621D5CA1F4008801F9 /* Build configuration list for PBXProject "UIAlertControllerTutorial" */;
			compatibilityVersion = "Xcode 3.2";
			developmentRegion = English;
			hasScannedForEncodings = 0;
			knownRegions = (
				en,
				Base,
			);
			mainGroup = 3C123B5E1D5CA1F4008801F9;
			productRefGroup = 3C123B681D5CA1F4008801F9 /* Products */;
			projectDirPath = "";
			projectRoot = "";
			targets = (
				3C123B661D5CA1F4008801F9 /* UIAlertControllerTutorial */,
			);
		};
/* End PBXProject section */

/* Begin PBXResourcesBuildPhase section */
		3C123B651D5CA1F4008801F9 /* Resources */ = {
			isa = PBXResourcesBuildPhase;
			buildActionMask = 2147483647;
			files = (
				3C123B751D5CA1F4008801F9 /* LaunchScreen.storyboard in Resources */,
				3C123B721D5CA1F4008801F9 /* Assets.xcassets in Resources */,
				3C123B701D5CA1F4008801F9 /* Main.storyboard in Resources */,
			);
			runOnlyForDeploymentPostprocessing = 0;
		};
/* End PBXResourcesBuildPhase section */

/* Begin PBXSourcesBuildPhase section */
		3C123B631D5CA1F4008801F9 /* Sources */ = {
			isa = PBXSourcesBuildPhase;
			buildActionMask = 2147483647;
			files = (
				3C123B6D1D5CA1F4008801F9 /* ViewController.swift in Sources */,
				3C123B6B1D5CA1F4008801F9 /* AppDelegate.swift in Sources */,
			);
			runOnlyForDeploymentPostprocessing = 0;
		};
/* End PBXSourcesBuildPhase section */

/* Begin PBXVariantGroup section */
		3C123B6E1D5CA1F4008801F9 /* Main.storyboard */ = {
			isa = PBXVariantGroup;
			children = (
				3C123B6F1D5CA1F4008801F9 /* Base */,
			);
			name = Main.storyboard;
			sourceTree = "<group>";
		};
		3C123B731D5CA1F4008801F9 /* LaunchScreen.storyboard */ = {
			isa = PBXVariantGroup;
			children = (
				3C123B741D5CA1F4008801F9 /* Base */,
			);
			name = LaunchScreen.storyboard;
			sourceTree = "<group>";
		};
/* End PBXVariantGroup section */

/* Begin XCBuildConfiguration section */
		3C123B771D5CA1F4008801F9 /* Debug */ = {
			isa = XCBuildConfiguration;
			buildSettings = {
				ALWAYS_SEARCH_USER_PATHS = NO;
				CLANG_ANALYZER_NONNULL = YES;
				CLANG_CXX_LANGUAGE_STANDARD = "gnu++0x";
				CLANG_CXX_LIBRARY = "libc++";
				CLANG_ENABLE_MODULES = YES;
				CLANG_ENABLE_OBJC_ARC = YES;
				CLANG_WARN_BOOL_CONVERSION = YES;
				CLANG_WARN_CONSTANT_CONVERSION = YES;
				CLANG_WARN_DIRECT_OBJC_ISA_USAGE = YES_ERROR;
				CLANG_WARN_EMPTY_BODY = YES;
				CLANG_WARN_ENUM_CONVERSION = YES;
				CLANG_WARN_INT_CONVERSION = YES;
				CLANG_WARN_OBJC_ROOT_CLASS = YES_ERROR;
				CLANG_WARN_UNREACHABLE_CODE = YES;
				CLANG_WARN__DUPLICATE_METHOD_MATCH = YES;
				"CODE_SIGN_IDENTITY[sdk=iphoneos*]" = "iPhone Developer";
				COPY_PHASE_STRIP = NO;
				DEBUG_INFORMATION_FORMAT = dwarf;
				ENABLE_STRICT_OBJC_MSGSEND = YES;
				ENABLE_TESTABILITY = YES;
				GCC_C_LANGUAGE_STANDARD = gnu99;
				GCC_DYNAMIC_NO_PIC = NO;
				GCC_NO_COMMON_BLOCKS = YES;
				GCC_OPTIMIZATION_LEVEL = 0;
				GCC_PREPROCESSOR_DEFINITIONS = (
					"DEBUG=1",
					"$(inherited)",
				);
				GCC_WARN_64_TO_32_BIT_CONVERSION = YES;
				GCC_WARN_ABOUT_RETURN_TYPE = YES_ERROR;
				GCC_WARN_UNDECLARED_SELECTOR = YES;
				GCC_WARN_UNINITIALIZED_AUTOS = YES_AGGRESSIVE;
				GCC_WARN_UNUSED_FUNCTION = YES;
				GCC_WARN_UNUSED_VARIABLE = YES;
				IPHONEOS_DEPLOYMENT_TARGET = 9.3;
				MTL_ENABLE_DEBUG_INFO = YES;
				ONLY_ACTIVE_ARCH = YES;
				SDKROOT = iphoneos;
				SWIFT_OPTIMIZATION_LEVEL = "-Onone";
			};
			name = Debug;
		};
		3C123B781D5CA1F4008801F9 /* Release */ = {
			isa = XCBuildConfiguration;
			buildSettings = {
				ALWAYS_SEARCH_USER_PATHS = NO;
				CLANG_ANALYZER_NONNULL = YES;
				CLANG_CXX_LANGUAGE_STANDARD = "gnu++0x";
				CLANG_CXX_LIBRARY = "libc++";
				CLANG_ENABLE_MODULES = YES;
				CLANG_ENABLE_OBJC_ARC = YES;
				CLANG_WARN_BOOL_CONVERSION = YES;
				CLANG_WARN_CONSTANT_CONVERSION = YES;
				CLANG_WARN_DIRECT_OBJC_ISA_USAGE = YES_ERROR;
				CLANG_WARN_EMPTY_BODY = YES;
				CLANG_WARN_ENUM_CONVERSION = YES;
				CLANG_WARN_INT_CONVERSION = YES;
				CLANG_WARN_OBJC_ROOT_CLASS = YES_ERROR;
				CLANG_WARN_UNREACHABLE_CODE = YES;
				CLANG_WARN__DUPLICATE_METHOD_MATCH = YES;
				"CODE_SIGN_IDENTITY[sdk=iphoneos*]" = "iPhone Developer";
				COPY_PHASE_STRIP = NO;
				DEBUG_INFORMATION_FORMAT = "dwarf-with-dsym";
				ENABLE_NS_ASSERTIONS = NO;
				ENABLE_STRICT_OBJC_MSGSEND = YES;
				GCC_C_LANGUAGE_STANDARD = gnu99;
				GCC_NO_COMMON_BLOCKS = YES;
				GCC_WARN_64_TO_32_BIT_CONVERSION = YES;
				GCC_WARN_ABOUT_RETURN_TYPE = YES_ERROR;
				GCC_WARN_UNDECLARED_SELECTOR = YES;
				GCC_WARN_UNINITIALIZED_AUTOS = YES_AGGRESSIVE;
				GCC_WARN_UNUSED_FUNCTION = YES;
				GCC_WARN_UNUSED_VARIABLE = YES;
				IPHONEOS_DEPLOYMENT_TARGET = 9.3;
				MTL_ENABLE_DEBUG_INFO = NO;
				SDKROOT = iphoneos;
				VALIDATE_PRODUCT = YES;
			};
			name = Release;
		};
		3C123B7A1D5CA1F4008801F9 /* Debug */ = {
			isa = XCBuildConfiguration;
			buildSettings = {
				ASSETCATALOG_COMPILER_APPICON_NAME = AppIcon;
				INFOPLIST_FILE = UIAlertControllerTutorial/Info.plist;
				LD_RUNPATH_SEARCH_PATHS = "$(inherited) @executable_path/Frameworks";
				PRODUCT_BUNDLE_IDENTIFIER = com.zpotutorials.UIAlertControllerTutorial;
				PRODUCT_NAME = "$(TARGET_NAME)";
			};
			name = Debug;
		};
		3C123B7B1D5CA1F4008801F9 /* Release */ = {
			isa = XCBuildConfiguration;
			buildSettings = {
				ASSETCATALOG_COMPILER_APPICON_NAME = AppIcon;
				INFOPLIST_FILE = UIAlertControllerTutorial/Info.plist;
				LD_RUNPATH_SEARCH_PATHS = "$(inherited) @executable_path/Frameworks";
				PRODUCT_BUNDLE_IDENTIFIER = com.zpotutorials.UIAlertControllerTutorial;
				PRODUCT_NAME = "$(TARGET_NAME)";
			};
			name = Release;
		};
/* End XCBuildConfiguration section */

/* Begin XCConfigurationList section */
		3C123B621D5CA1F4008801F9 /* Build configuration list for PBXProject "UIAlertControllerTutorial" */ = {
			isa = XCConfigurationList;
			buildConfigurations = (
				3C123B771D5CA1F4008801F9 /* Debug */,
				3C123B781D5CA1F4008801F9 /* Release */,
			);
			defaultConfigurationIsVisible = 0;
			defaultConfigurationName = Release;
		};
		3C123B791D5CA1F4008801F9 /* Build configuration list for PBXNativeTarget "UIAlertControllerTutorial" */ = {
			isa = XCConfigurationList;
			buildConfigurations = (
				3C123B7A1D5CA1F4008801F9 /* Debug */,
				3C123B7B1D5CA1F4008801F9 /* Release */,
			);
			defaultConfigurationIsVisible = 0;
		};
/* End XCConfigurationList section */
	};
	rootObject = 3C123B5F1D5CA1F4008801F9 /* Project object */;
}
