// !$*UTF8*$!
{
	archiveVersion = 1;
	classes = {
	};
	objectVersion = 46;
	objects = {

/* Begin PBXBuildFile section */
		3CDC67191D5A5A66000BEC7C /* AppDelegate.swift in Sources */ = {isa = PBXBuildFile; fileRef = 3CDC67181D5A5A66000BEC7C /* AppDelegate.swift */; };
		3CDC671B1D5A5A66000BEC7C /* ViewController.swift in Sources */ = {isa = PBXBuildFile; fileRef = 3CDC671A1D5A5A66000BEC7C /* ViewController.swift */; };
		3CDC671E1D5A5A66000BEC7C /* Main.storyboard in Resources */ = {isa = PBXBuildFile; fileRef = 3CDC671C1D5A5A66000BEC7C /* Main.storyboard */; };
		3CDC67201D5A5A66000BEC7C /* Assets.xcassets in Resources */ = {isa = PBXBuildFile; fileRef = 3CDC671F1D5A5A66000BEC7C /* Assets.xcassets */; };
		3CDC67231D5A5A66000BEC7C /* LaunchScreen.storyboard in Resources */ = {isa = PBXBuildFile; fileRef = 3CDC67211D5A5A66000BEC7C /* LaunchScreen.storyboard */; };
/* End PBXBuildFile section */

/* Begin PBXFileReference section */
		3CDC67151D5A5A66000BEC7C /* UIImageViewControlTutorial.app */ = {isa = PBXFileReference; explicitFileType = wrapper.application; includeInIndex = 0; path = UIImageViewControlTutorial.app; sourceTree = BUILT_PRODUCTS_DIR; };
		3CDC67181D5A5A66000BEC7C /* AppDelegate.swift */ = {isa = PBXFileReference; lastKnownFileType = sourcecode.swift; path = AppDelegate.swift; sourceTree = "<group>"; };
		3CDC671A1D5A5A66000BEC7C /* ViewController.swift */ = {isa = PBXFileReference; lastKnownFileType = sourcecode.swift; path = ViewController.swift; sourceTree = "<group>"; };
		3CDC671D1D5A5A66000BEC7C /* Base */ = {isa = PBXFileReference; lastKnownFileType = file.storyboard; name = Base; path = Base.lproj/Main.storyboard; sourceTree = "<group>"; };
		3CDC671F1D5A5A66000BEC7C /* Assets.xcassets */ = {isa = PBXFileReference; lastKnownFileType = folder.assetcatalog; path = Assets.xcassets; sourceTree = "<group>"; };
		3CDC67221D5A5A66000BEC7C /* Base */ = {isa = PBXFileReference; lastKnownFileType = file.storyboard; name = Base; path = Base.lproj/LaunchScreen.storyboard; sourceTree = "<group>"; };
		3CDC67241D5A5A66000BEC7C /* Info.plist */ = {isa = PBXFileReference; lastKnownFileType = text.plist.xml; path = Info.plist; sourceTree = "<group>"; };
/* End PBXFileReference section */

/* Begin PBXFrameworksBuildPhase section */
		3CDC67121D5A5A66000BEC7C /* Frameworks */ = {
			isa = PBXFrameworksBuildPhase;
			buildActionMask = 2147483647;
			files = (
			);
			runOnlyForDeploymentPostprocessing = 0;
		};
/* End PBXFrameworksBuildPhase section */

/* Begin PBXGroup section */
		3CDC670C1D5A5A66000BEC7C = {
			isa = PBXGroup;
			children = (
				3CDC67171D5A5A66000BEC7C /* UIImageViewControlTutorial */,
				3CDC67161D5A5A66000BEC7C /* Products */,
			);
			sourceTree = "<group>";
		};
		3CDC67161D5A5A66000BEC7C /* Products */ = {
			isa = PBXGroup;
			children = (
				3CDC67151D5A5A66000BEC7C /* UIImageViewControlTutorial.app */,
			);
			name = Products;
			sourceTree = "<group>";
		};
		3CDC67171D5A5A66000BEC7C /* UIImageViewControlTutorial */ = {
			isa = PBXGroup;
			children = (
				3CDC67181D5A5A66000BEC7C /* AppDelegate.swift */,
				3CDC671A1D5A5A66000BEC7C /* ViewController.swift */,
				3CDC671C1D5A5A66000BEC7C /* Main.storyboard */,
				3CDC671F1D5A5A66000BEC7C /* Assets.xcassets */,
				3CDC67211D5A5A66000BEC7C /* LaunchScreen.storyboard */,
				3CDC67241D5A5A66000BEC7C /* Info.plist */,
			);
			path = UIImageViewControlTutorial;
			sourceTree = "<group>";
		};
/* End PBXGroup section */

/* Begin PBXNativeTarget section */
		3CDC67141D5A5A66000BEC7C /* UIImageViewControlTutorial */ = {
			isa = PBXNativeTarget;
			buildConfigurationList = 3CDC67271D5A5A66000BEC7C /* Build configuration list for PBXNativeTarget "UIImageViewControlTutorial" */;
			buildPhases = (
				3CDC67111D5A5A66000BEC7C /* Sources */,
				3CDC67121D5A5A66000BEC7C /* Frameworks */,
				3CDC67131D5A5A66000BEC7C /* Resources */,
			);
			buildRules = (
			);
			dependencies = (
			);
			name = UIImageViewControlTutorial;
			productName = UIImageViewControlTutorial;
			productReference = 3CDC67151D5A5A66000BEC7C /* UIImageViewControlTutorial.app */;
			productType = "com.apple.product-type.application";
		};
/* End PBXNativeTarget section */

/* Begin PBXProject section */
		3CDC670D1D5A5A66000BEC7C /* Project object */ = {
			isa = PBXProject;
			attributes = {
				LastSwiftUpdateCheck = 0730;
				LastUpgradeCheck = 0730;
				ORGANIZATIONNAME = ZPOTutorials;
				TargetAttributes = {
					3CDC67141D5A5A66000BEC7C = {
						CreatedOnToolsVersion = 7.3.1;
					};
				};
			};
			buildConfigurationList = 3CDC67101D5A5A66000BEC7C /* Build configuration list for PBXProject "UIImageViewControlTutorial" */;
			compatibilityVersion = "Xcode 3.2";
			developmentRegion = English;
			hasScannedForEncodings = 0;
			knownRegions = (
				en,
				Base,
			);
			mainGroup = 3CDC670C1D5A5A66000BEC7C;
			productRefGroup = 3CDC67161D5A5A66000BEC7C /* Products */;
			projectDirPath = "";
			projectRoot = "";
			targets = (
				3CDC67141D5A5A66000BEC7C /* UIImageViewControlTutorial */,
			);
		};
/* End PBXProject section */

/* Begin PBXResourcesBuildPhase section */
		3CDC67131D5A5A66000BEC7C /* Resources */ = {
			isa = PBXResourcesBuildPhase;
			buildActionMask = 2147483647;
			files = (
				3CDC67231D5A5A66000BEC7C /* LaunchScreen.storyboard in Resources */,
				3CDC67201D5A5A66000BEC7C /* Assets.xcassets in Resources */,
				3CDC671E1D5A5A66000BEC7C /* Main.storyboard in Resources */,
			);
			runOnlyForDeploymentPostprocessing = 0;
		};
/* End PBXResourcesBuildPhase section */

/* Begin PBXSourcesBuildPhase section */
		3CDC67111D5A5A66000BEC7C /* Sources */ = {
			isa = PBXSourcesBuildPhase;
			buildActionMask = 2147483647;
			files = (
				3CDC671B1D5A5A66000BEC7C /* ViewController.swift in Sources */,
				3CDC67191D5A5A66000BEC7C /* AppDelegate.swift in Sources */,
			);
			runOnlyForDeploymentPostprocessing = 0;
		};
/* End PBXSourcesBuildPhase section */

/* Begin PBXVariantGroup section */
		3CDC671C1D5A5A66000BEC7C /* Main.storyboard */ = {
			isa = PBXVariantGroup;
			children = (
				3CDC671D1D5A5A66000BEC7C /* Base */,
			);
			name = Main.storyboard;
			sourceTree = "<group>";
		};
		3CDC67211D5A5A66000BEC7C /* LaunchScreen.storyboard */ = {
			isa = PBXVariantGroup;
			children = (
				3CDC67221D5A5A66000BEC7C /* Base */,
			);
			name = LaunchScreen.storyboard;
			sourceTree = "<group>";
		};
/* End PBXVariantGroup section */

/* Begin XCBuildConfiguration section */
		3CDC67251D5A5A66000BEC7C /* Debug */ = {
			isa = XCBuildConfiguration;
			buildSettings = {
				ALWAYS_SEARCH_USER_PATHS = NO;
				CLANG_ANALYZER_NONNULL = YES;
				CLANG_CXX_LANGUAGE_STANDARD = "gnu++0x";
				CLANG_CXX_LIBRARY = "libc++";
				CLANG_ENABLE_MODULES = YES;
				CLANG_ENABLE_OBJC_ARC = YES;
				CLANG_WARN_BOOL_CONVERSION = YES;
				CLANG_WARN_CONSTANT_CONVERSION = YES;
				CLANG_WARN_DIRECT_OBJC_ISA_USAGE = YES_ERROR;
				CLANG_WARN_EMPTY_BODY = YES;
				CLANG_WARN_ENUM_CONVERSION = YES;
				CLANG_WARN_INT_CONVERSION = YES;
				CLANG_WARN_OBJC_ROOT_CLASS = YES_ERROR;
				CLANG_WARN_UNREACHABLE_CODE = YES;
				CLANG_WARN__DUPLICATE_METHOD_MATCH = YES;
				"CODE_SIGN_IDENTITY[sdk=iphoneos*]" = "iPhone Developer";
				COPY_PHASE_STRIP = NO;
				DEBUG_INFORMATION_FORMAT = dwarf;
				ENABLE_STRICT_OBJC_MSGSEND = YES;
				ENABLE_TESTABILITY = YES;
				GCC_C_LANGUAGE_STANDARD = gnu99;
				GCC_DYNAMIC_NO_PIC = NO;
				GCC_NO_COMMON_BLOCKS = YES;
				GCC_OPTIMIZATION_LEVEL = 0;
				GCC_PREPROCESSOR_DEFINITIONS = (
					"DEBUG=1",
					"$(inherited)",
				);
				GCC_WARN_64_TO_32_BIT_CONVERSION = YES;
				GCC_WARN_ABOUT_RETURN_TYPE = YES_ERROR;
				GCC_WARN_UNDECLARED_SELECTOR = YES;
				GCC_WARN_UNINITIALIZED_AUTOS = YES_AGGRESSIVE;
				GCC_WARN_UNUSED_FUNCTION = YES;
				GCC_WARN_UNUSED_VARIABLE = YES;
				IPHONEOS_DEPLOYMENT_TARGET = 9.3;
				MTL_ENABLE_DEBUG_INFO = YES;
				ONLY_ACTIVE_ARCH = YES;
				SDKROOT = iphoneos;
				SWIFT_OPTIMIZATION_LEVEL = "-Onone";
			};
			name = Debug;
		};
		3CDC67261D5A5A66000BEC7C /* Release */ = {
			isa = XCBuildConfiguration;
			buildSettings = {
				ALWAYS_SEARCH_USER_PATHS = NO;
				CLANG_ANALYZER_NONNULL = YES;
				CLANG_CXX_LANGUAGE_STANDARD = "gnu++0x";
				CLANG_CXX_LIBRARY = "libc++";
				CLANG_ENABLE_MODULES = YES;
				CLANG_ENABLE_OBJC_ARC = YES;
				CLANG_WARN_BOOL_CONVERSION = YES;
				CLANG_WARN_CONSTANT_CONVERSION = YES;
				CLANG_WARN_DIRECT_OBJC_ISA_USAGE = YES_ERROR;
				CLANG_WARN_EMPTY_BODY = YES;
				CLANG_WARN_ENUM_CONVERSION = YES;
				CLANG_WARN_INT_CONVERSION = YES;
				CLANG_WARN_OBJC_ROOT_CLASS = YES_ERROR;
				CLANG_WARN_UNREACHABLE_CODE = YES;
				CLANG_WARN__DUPLICATE_METHOD_MATCH = YES;
				"CODE_SIGN_IDENTITY[sdk=iphoneos*]" = "iPhone Developer";
				COPY_PHASE_STRIP = NO;
				DEBUG_INFORMATION_FORMAT = "dwarf-with-dsym";
				ENABLE_NS_ASSERTIONS = NO;
				ENABLE_STRICT_OBJC_MSGSEND = YES;
				GCC_C_LANGUAGE_STANDARD = gnu99;
				GCC_NO_COMMON_BLOCKS = YES;
				GCC_WARN_64_TO_32_BIT_CONVERSION = YES;
				GCC_WARN_ABOUT_RETURN_TYPE = YES_ERROR;
				GCC_WARN_UNDECLARED_SELECTOR = YES;
				GCC_WARN_UNINITIALIZED_AUTOS = YES_AGGRESSIVE;
				GCC_WARN_UNUSED_FUNCTION = YES;
				GCC_WARN_UNUSED_VARIABLE = YES;
				IPHONEOS_DEPLOYMENT_TARGET = 9.3;
				MTL_ENABLE_DEBUG_INFO = NO;
				SDKROOT = iphoneos;
				VALIDATE_PRODUCT = YES;
			};
			name = Release;
		};
		3CDC67281D5A5A66000BEC7C /* Debug */ = {
			isa = XCBuildConfiguration;
			buildSettings = {
				ASSETCATALOG_COMPILER_APPICON_NAME = AppIcon;
				INFOPLIST_FILE = UIImageViewControlTutorial/Info.plist;
				LD_RUNPATH_SEARCH_PATHS = "$(inherited) @executable_path/Frameworks";
				PRODUCT_BUNDLE_IDENTIFIER = com.zpotutorials.UIImageViewControlTutorial;
				PRODUCT_NAME = "$(TARGET_NAME)";
			};
			name = Debug;
		};
		3CDC67291D5A5A66000BEC7C /* Release */ = {
			isa = XCBuildConfiguration;
			buildSettings = {
				ASSETCATALOG_COMPILER_APPICON_NAME = AppIcon;
				INFOPLIST_FILE = UIImageViewControlTutorial/Info.plist;
				LD_RUNPATH_SEARCH_PATHS = "$(inherited) @executable_path/Frameworks";
				PRODUCT_BUNDLE_IDENTIFIER = com.zpotutorials.UIImageViewControlTutorial;
				PRODUCT_NAME = "$(TARGET_NAME)";
			};
			name = Release;
		};
/* End XCBuildConfiguration section */

/* Begin XCConfigurationList section */
		3CDC67101D5A5A66000BEC7C /* Build configuration list for PBXProject "UIImageViewControlTutorial" */ = {
			isa = XCConfigurationList;
			buildConfigurations = (
				3CDC67251D5A5A66000BEC7C /* Debug */,
				3CDC67261D5A5A66000BEC7C /* Release */,
			);
			defaultConfigurationIsVisible = 0;
			defaultConfigurationName = Release;
		};
		3CDC67271D5A5A66000BEC7C /* Build configuration list for PBXNativeTarget "UIImageViewControlTutorial" */ = {
			isa = XCConfigurationList;
			buildConfigurations = (
				3CDC67281D5A5A66000BEC7C /* Debug */,
				3CDC67291D5A5A66000BEC7C /* Release */,
			);
			defaultConfigurationIsVisible = 0;
		};
/* End XCConfigurationList section */
	};
	rootObject = 3CDC670D1D5A5A66000BEC7C /* Project object */;
}
