// !$*UTF8*$!
{
	archiveVersion = 1;
	classes = {
	};
	objectVersion = 46;
	objects = {

/* Begin PBXBuildFile section */
		3C4DB0621D590E5700C5845D /* AppDelegate.swift in Sources */ = {isa = PBXBuildFile; fileRef = 3C4DB0611D590E5700C5845D /* AppDelegate.swift */; };
		3C4DB0641D590E5700C5845D /* ViewController.swift in Sources */ = {isa = PBXBuildFile; fileRef = 3C4DB0631D590E5700C5845D /* ViewController.swift */; };
		3C4DB0671D590E5700C5845D /* Main.storyboard in Resources */ = {isa = PBXBuildFile; fileRef = 3C4DB0651D590E5700C5845D /* Main.storyboard */; };
		3C4DB0691D590E5700C5845D /* Assets.xcassets in Resources */ = {isa = PBXBuildFile; fileRef = 3C4DB0681D590E5700C5845D /* Assets.xcassets */; };
		3C4DB06C1D590E5700C5845D /* LaunchScreen.storyboard in Resources */ = {isa = PBXBuildFile; fileRef = 3C4DB06A1D590E5700C5845D /* LaunchScreen.storyboard */; };
/* End PBXBuildFile section */

/* Begin PBXFileReference section */
		3C4DB05E1D590E5700C5845D /* UIDatePickerControlTutorial.app */ = {isa = PBXFileReference; explicitFileType = wrapper.application; includeInIndex = 0; path = UIDatePickerControlTutorial.app; sourceTree = BUILT_PRODUCTS_DIR; };
		3C4DB0611D590E5700C5845D /* AppDelegate.swift */ = {isa = PBXFileReference; lastKnownFileType = sourcecode.swift; path = AppDelegate.swift; sourceTree = "<group>"; };
		3C4DB0631D590E5700C5845D /* ViewController.swift */ = {isa = PBXFileReference; lastKnownFileType = sourcecode.swift; path = ViewController.swift; sourceTree = "<group>"; };
		3C4DB0661D590E5700C5845D /* Base */ = {isa = PBXFileReference; lastKnownFileType = file.storyboard; name = Base; path = Base.lproj/Main.storyboard; sourceTree = "<group>"; };
		3C4DB0681D590E5700C5845D /* Assets.xcassets */ = {isa = PBXFileReference; lastKnownFileType = folder.assetcatalog; path = Assets.xcassets; sourceTree = "<group>"; };
		3C4DB06B1D590E5700C5845D /* Base */ = {isa = PBXFileReference; lastKnownFileType = file.storyboard; name = Base; path = Base.lproj/LaunchScreen.storyboard; sourceTree = "<group>"; };
		3C4DB06D1D590E5700C5845D /* Info.plist */ = {isa = PBXFileReference; lastKnownFileType = text.plist.xml; path = Info.plist; sourceTree = "<group>"; };
/* End PBXFileReference section */

/* Begin PBXFrameworksBuildPhase section */
		3C4DB05B1D590E5700C5845D /* Frameworks */ = {
			isa = PBXFrameworksBuildPhase;
			buildActionMask = 2147483647;
			files = (
			);
			runOnlyForDeploymentPostprocessing = 0;
		};
/* End PBXFrameworksBuildPhase section */

/* Begin PBXGroup section */
		3C4DB0551D590E5700C5845D = {
			isa = PBXGroup;
			children = (
				3C4DB0601D590E5700C5845D /* UIDatePickerControlTutorial */,
				3C4DB05F1D590E5700C5845D /* Products */,
			);
			sourceTree = "<group>";
		};
		3C4DB05F1D590E5700C5845D /* Products */ = {
			isa = PBXGroup;
			children = (
				3C4DB05E1D590E5700C5845D /* UIDatePickerControlTutorial.app */,
			);
			name = Products;
			sourceTree = "<group>";
		};
		3C4DB0601D590E5700C5845D /* UIDatePickerControlTutorial */ = {
			isa = PBXGroup;
			children = (
				3C4DB0611D590E5700C5845D /* AppDelegate.swift */,
				3C4DB0631D590E5700C5845D /* ViewController.swift */,
				3C4DB0651D590E5700C5845D /* Main.storyboard */,
				3C4DB0681D590E5700C5845D /* Assets.xcassets */,
				3C4DB06A1D590E5700C5845D /* LaunchScreen.storyboard */,
				3C4DB06D1D590E5700C5845D /* Info.plist */,
			);
			path = UIDatePickerControlTutorial;
			sourceTree = "<group>";
		};
/* End PBXGroup section */

/* Begin PBXNativeTarget section */
		3C4DB05D1D590E5700C5845D /* UIDatePickerControlTutorial */ = {
			isa = PBXNativeTarget;
			buildConfigurationList = 3C4DB0701D590E5700C5845D /* Build configuration list for PBXNativeTarget "UIDatePickerControlTutorial" */;
			buildPhases = (
				3C4DB05A1D590E5700C5845D /* Sources */,
				3C4DB05B1D590E5700C5845D /* Frameworks */,
				3C4DB05C1D590E5700C5845D /* Resources */,
			);
			buildRules = (
			);
			dependencies = (
			);
			name = UIDatePickerControlTutorial;
			productName = UIDatePickerControlTutorial;
			productReference = 3C4DB05E1D590E5700C5845D /* UIDatePickerControlTutorial.app */;
			productType = "com.apple.product-type.application";
		};
/* End PBXNativeTarget section */

/* Begin PBXProject section */
		3C4DB0561D590E5700C5845D /* Project object */ = {
			isa = PBXProject;
			attributes = {
				LastSwiftUpdateCheck = 0730;
				LastUpgradeCheck = 0730;
				ORGANIZATIONNAME = ZPOTutorials;
				TargetAttributes = {
					3C4DB05D1D590E5700C5845D = {
						CreatedOnToolsVersion = 7.3.1;
					};
				};
			};
			buildConfigurationList = 3C4DB0591D590E5700C5845D /* Build configuration list for PBXProject "UIDatePickerControlTutorial" */;
			compatibilityVersion = "Xcode 3.2";
			developmentRegion = English;
			hasScannedForEncodings = 0;
			knownRegions = (
				en,
				Base,
			);
			mainGroup = 3C4DB0551D590E5700C5845D;
			productRefGroup = 3C4DB05F1D590E5700C5845D /* Products */;
			projectDirPath = "";
			projectRoot = "";
			targets = (
				3C4DB05D1D590E5700C5845D /* UIDatePickerControlTutorial */,
			);
		};
/* End PBXProject section */

/* Begin PBXResourcesBuildPhase section */
		3C4DB05C1D590E5700C5845D /* Resources */ = {
			isa = PBXResourcesBuildPhase;
			buildActionMask = 2147483647;
			files = (
				3C4DB06C1D590E5700C5845D /* LaunchScreen.storyboard in Resources */,
				3C4DB0691D590E5700C5845D /* Assets.xcassets in Resources */,
				3C4DB0671D590E5700C5845D /* Main.storyboard in Resources */,
			);
			runOnlyForDeploymentPostprocessing = 0;
		};
/* End PBXResourcesBuildPhase section */

/* Begin PBXSourcesBuildPhase section */
		3C4DB05A1D590E5700C5845D /* Sources */ = {
			isa = PBXSourcesBuildPhase;
			buildActionMask = 2147483647;
			files = (
				3C4DB0641D590E5700C5845D /* ViewController.swift in Sources */,
				3C4DB0621D590E5700C5845D /* AppDelegate.swift in Sources */,
			);
			runOnlyForDeploymentPostprocessing = 0;
		};
/* End PBXSourcesBuildPhase section */

/* Begin PBXVariantGroup section */
		3C4DB0651D590E5700C5845D /* Main.storyboard */ = {
			isa = PBXVariantGroup;
			children = (
				3C4DB0661D590E5700C5845D /* Base */,
			);
			name = Main.storyboard;
			sourceTree = "<group>";
		};
		3C4DB06A1D590E5700C5845D /* LaunchScreen.storyboard */ = {
			isa = PBXVariantGroup;
			children = (
				3C4DB06B1D590E5700C5845D /* Base */,
			);
			name = LaunchScreen.storyboard;
			sourceTree = "<group>";
		};
/* End PBXVariantGroup section */

/* Begin XCBuildConfiguration section */
		3C4DB06E1D590E5700C5845D /* Debug */ = {
			isa = XCBuildConfiguration;
			buildSettings = {
				ALWAYS_SEARCH_USER_PATHS = NO;
				CLANG_ANALYZER_NONNULL = YES;
				CLANG_CXX_LANGUAGE_STANDARD = "gnu++0x";
				CLANG_CXX_LIBRARY = "libc++";
				CLANG_ENABLE_MODULES = YES;
				CLANG_ENABLE_OBJC_ARC = YES;
				CLANG_WARN_BOOL_CONVERSION = YES;
				CLANG_WARN_CONSTANT_CONVERSION = YES;
				CLANG_WARN_DIRECT_OBJC_ISA_USAGE = YES_ERROR;
				CLANG_WARN_EMPTY_BODY = YES;
				CLANG_WARN_ENUM_CONVERSION = YES;
				CLANG_WARN_INT_CONVERSION = YES;
				CLANG_WARN_OBJC_ROOT_CLASS = YES_ERROR;
				CLANG_WARN_UNREACHABLE_CODE = YES;
				CLANG_WARN__DUPLICATE_METHOD_MATCH = YES;
				"CODE_SIGN_IDENTITY[sdk=iphoneos*]" = "iPhone Developer";
				COPY_PHASE_STRIP = NO;
				DEBUG_INFORMATION_FORMAT = dwarf;
				ENABLE_STRICT_OBJC_MSGSEND = YES;
				ENABLE_TESTABILITY = YES;
				GCC_C_LANGUAGE_STANDARD = gnu99;
				GCC_DYNAMIC_NO_PIC = NO;
				GCC_NO_COMMON_BLOCKS = YES;
				GCC_OPTIMIZATION_LEVEL = 0;
				GCC_PREPROCESSOR_DEFINITIONS = (
					"DEBUG=1",
					"$(inherited)",
				);
				GCC_WARN_64_TO_32_BIT_CONVERSION = YES;
				GCC_WARN_ABOUT_RETURN_TYPE = YES_ERROR;
				GCC_WARN_UNDECLARED_SELECTOR = YES;
				GCC_WARN_UNINITIALIZED_AUTOS = YES_AGGRESSIVE;
				GCC_WARN_UNUSED_FUNCTION = YES;
				GCC_WARN_UNUSED_VARIABLE = YES;
				IPHONEOS_DEPLOYMENT_TARGET = 9.3;
				MTL_ENABLE_DEBUG_INFO = YES;
				ONLY_ACTIVE_ARCH = YES;
				SDKROOT = iphoneos;
				SWIFT_OPTIMIZATION_LEVEL = "-Onone";
			};
			name = Debug;
		};
		3C4DB06F1D590E5700C5845D /* Release */ = {
			isa = XCBuildConfiguration;
			buildSettings = {
				ALWAYS_SEARCH_USER_PATHS = NO;
				CLANG_ANALYZER_NONNULL = YES;
				CLANG_CXX_LANGUAGE_STANDARD = "gnu++0x";
				CLANG_CXX_LIBRARY = "libc++";
				CLANG_ENABLE_MODULES = YES;
				CLANG_ENABLE_OBJC_ARC = YES;
				CLANG_WARN_BOOL_CONVERSION = YES;
				CLANG_WARN_CONSTANT_CONVERSION = YES;
				CLANG_WARN_DIRECT_OBJC_ISA_USAGE = YES_ERROR;
				CLANG_WARN_EMPTY_BODY = YES;
				CLANG_WARN_ENUM_CONVERSION = YES;
				CLANG_WARN_INT_CONVERSION = YES;
				CLANG_WARN_OBJC_ROOT_CLASS = YES_ERROR;
				CLANG_WARN_UNREACHABLE_CODE = YES;
				CLANG_WARN__DUPLICATE_METHOD_MATCH = YES;
				"CODE_SIGN_IDENTITY[sdk=iphoneos*]" = "iPhone Developer";
				COPY_PHASE_STRIP = NO;
				DEBUG_INFORMATION_FORMAT = "dwarf-with-dsym";
				ENABLE_NS_ASSERTIONS = NO;
				ENABLE_STRICT_OBJC_MSGSEND = YES;
				GCC_C_LANGUAGE_STANDARD = gnu99;
				GCC_NO_COMMON_BLOCKS = YES;
				GCC_WARN_64_TO_32_BIT_CONVERSION = YES;
				GCC_WARN_ABOUT_RETURN_TYPE = YES_ERROR;
				GCC_WARN_UNDECLARED_SELECTOR = YES;
				GCC_WARN_UNINITIALIZED_AUTOS = YES_AGGRESSIVE;
				GCC_WARN_UNUSED_FUNCTION = YES;
				GCC_WARN_UNUSED_VARIABLE = YES;
				IPHONEOS_DEPLOYMENT_TARGET = 9.3;
				MTL_ENABLE_DEBUG_INFO = NO;
				SDKROOT = iphoneos;
				VALIDATE_PRODUCT = YES;
			};
			name = Release;
		};
		3C4DB0711D590E5700C5845D /* Debug */ = {
			isa = XCBuildConfiguration;
			buildSettings = {
				ASSETCATALOG_COMPILER_APPICON_NAME = AppIcon;
				INFOPLIST_FILE = UIDatePickerControlTutorial/Info.plist;
				LD_RUNPATH_SEARCH_PATHS = "$(inherited) @executable_path/Frameworks";
				PRODUCT_BUNDLE_IDENTIFIER = com.zpotutorials.UIDatePickerControlTutorial;
				PRODUCT_NAME = "$(TARGET_NAME)";
			};
			name = Debug;
		};
		3C4DB0721D590E5700C5845D /* Release */ = {
			isa = XCBuildConfiguration;
			buildSettings = {
				ASSETCATALOG_COMPILER_APPICON_NAME = AppIcon;
				INFOPLIST_FILE = UIDatePickerControlTutorial/Info.plist;
				LD_RUNPATH_SEARCH_PATHS = "$(inherited) @executable_path/Frameworks";
				PRODUCT_BUNDLE_IDENTIFIER = com.zpotutorials.UIDatePickerControlTutorial;
				PRODUCT_NAME = "$(TARGET_NAME)";
			};
			name = Release;
		};
/* End XCBuildConfiguration section */

/* Begin XCConfigurationList section */
		3C4DB0591D590E5700C5845D /* Build configuration list for PBXProject "UIDatePickerControlTutorial" */ = {
			isa = XCConfigurationList;
			buildConfigurations = (
				3C4DB06E1D590E5700C5845D /* Debug */,
				3C4DB06F1D590E5700C5845D /* Release */,
			);
			defaultConfigurationIsVisible = 0;
			defaultConfigurationName = Release;
		};
		3C4DB0701D590E5700C5845D /* Build configuration list for PBXNativeTarget "UIDatePickerControlTutorial" */ = {
			isa = XCConfigurationList;
			buildConfigurations = (
				3C4DB0711D590E5700C5845D /* Debug */,
				3C4DB0721D590E5700C5845D /* Release */,
			);
			defaultConfigurationIsVisible = 0;
		};
/* End XCConfigurationList section */
	};
	rootObject = 3C4DB0561D590E5700C5845D /* Project object */;
}
