// !$*UTF8*$!
{
	archiveVersion = 1;
	classes = {
	};
	objectVersion = 46;
	objects = {

/* Begin PBXBuildFile section */
		3C817D761ED622B200FF40A3 /* AppDelegate.swift in Sources */ = {isa = PBXBuildFile; fileRef = 3C817D751ED622B200FF40A3 /* AppDelegate.swift */; };
		3C817D781ED622B200FF40A3 /* ViewController.swift in Sources */ = {isa = PBXBuildFile; fileRef = 3C817D771ED622B200FF40A3 /* ViewController.swift */; };
		3C817D7B1ED622B300FF40A3 /* Main.storyboard in Resources */ = {isa = PBXBuildFile; fileRef = 3C817D791ED622B300FF40A3 /* Main.storyboard */; };
		3C817D7D1ED622B300FF40A3 /* Assets.xcassets in Resources */ = {isa = PBXBuildFile; fileRef = 3C817D7C1ED622B300FF40A3 /* Assets.xcassets */; };
		3C817D801ED622B300FF40A3 /* LaunchScreen.storyboard in Resources */ = {isa = PBXBuildFile; fileRef = 3C817D7E1ED622B300FF40A3 /* LaunchScreen.storyboard */; };
/* End PBXBuildFile section */

/* Begin PBXFileReference section */
		3C817D721ED622B200FF40A3 /* EmptyApplication.app */ = {isa = PBXFileReference; explicitFileType = wrapper.application; includeInIndex = 0; path = EmptyApplication.app; sourceTree = BUILT_PRODUCTS_DIR; };
		3C817D751ED622B200FF40A3 /* AppDelegate.swift */ = {isa = PBXFileReference; lastKnownFileType = sourcecode.swift; path = AppDelegate.swift; sourceTree = "<group>"; };
		3C817D771ED622B200FF40A3 /* ViewController.swift */ = {isa = PBXFileReference; lastKnownFileType = sourcecode.swift; path = ViewController.swift; sourceTree = "<group>"; };
		3C817D7A1ED622B300FF40A3 /* Base */ = {isa = PBXFileReference; lastKnownFileType = file.storyboard; name = Base; path = Base.lproj/Main.storyboard; sourceTree = "<group>"; };
		3C817D7C1ED622B300FF40A3 /* Assets.xcassets */ = {isa = PBXFileReference; lastKnownFileType = folder.assetcatalog; path = Assets.xcassets; sourceTree = "<group>"; };
		3C817D7F1ED622B300FF40A3 /* Base */ = {isa = PBXFileReference; lastKnownFileType = file.storyboard; name = Base; path = Base.lproj/LaunchScreen.storyboard; sourceTree = "<group>"; };
		3C817D811ED622B300FF40A3 /* Info.plist */ = {isa = PBXFileReference; lastKnownFileType = text.plist.xml; path = Info.plist; sourceTree = "<group>"; };
/* End PBXFileReference section */

/* Begin PBXFrameworksBuildPhase section */
		3C817D6F1ED622B200FF40A3 /* Frameworks */ = {
			isa = PBXFrameworksBuildPhase;
			buildActionMask = 2147483647;
			files = (
			);
			runOnlyForDeploymentPostprocessing = 0;
		};
/* End PBXFrameworksBuildPhase section */

/* Begin PBXGroup section */
		3C817D691ED622B200FF40A3 = {
			isa = PBXGroup;
			children = (
				3C817D741ED622B200FF40A3 /* EmptyApplication */,
				3C817D731ED622B200FF40A3 /* Products */,
			);
			sourceTree = "<group>";
		};
		3C817D731ED622B200FF40A3 /* Products */ = {
			isa = PBXGroup;
			children = (
				3C817D721ED622B200FF40A3 /* EmptyApplication.app */,
			);
			name = Products;
			sourceTree = "<group>";
		};
		3C817D741ED622B200FF40A3 /* EmptyApplication */ = {
			isa = PBXGroup;
			children = (
				3C817D751ED622B200FF40A3 /* AppDelegate.swift */,
				3C817D771ED622B200FF40A3 /* ViewController.swift */,
				3C817D791ED622B300FF40A3 /* Main.storyboard */,
				3C817D7C1ED622B300FF40A3 /* Assets.xcassets */,
				3C817D7E1ED622B300FF40A3 /* LaunchScreen.storyboard */,
				3C817D811ED622B300FF40A3 /* Info.plist */,
			);
			path = EmptyApplication;
			sourceTree = "<group>";
		};
/* End PBXGroup section */

/* Begin PBXNativeTarget section */
		3C817D711ED622B200FF40A3 /* EmptyApplication */ = {
			isa = PBXNativeTarget;
			buildConfigurationList = 3C817D841ED622B300FF40A3 /* Build configuration list for PBXNativeTarget "EmptyApplication" */;
			buildPhases = (
				3C817D6E1ED622B200FF40A3 /* Sources */,
				3C817D6F1ED622B200FF40A3 /* Frameworks */,
				3C817D701ED622B200FF40A3 /* Resources */,
			);
			buildRules = (
			);
			dependencies = (
			);
			name = EmptyApplication;
			productName = EmptyApplication;
			productReference = 3C817D721ED622B200FF40A3 /* EmptyApplication.app */;
			productType = "com.apple.product-type.application";
		};
/* End PBXNativeTarget section */

/* Begin PBXProject section */
		3C817D6A1ED622B200FF40A3 /* Project object */ = {
			isa = PBXProject;
			attributes = {
				LastSwiftUpdateCheck = 0830;
				LastUpgradeCheck = 0830;
				ORGANIZATIONNAME = ZPOTutorials;
				TargetAttributes = {
					3C817D711ED622B200FF40A3 = {
						CreatedOnToolsVersion = 8.3.2;
						ProvisioningStyle = Automatic;
					};
				};
			};
			buildConfigurationList = 3C817D6D1ED622B200FF40A3 /* Build configuration list for PBXProject "EmptyApplication" */;
			compatibilityVersion = "Xcode 3.2";
			developmentRegion = English;
			hasScannedForEncodings = 0;
			knownRegions = (
				en,
				Base,
			);
			mainGroup = 3C817D691ED622B200FF40A3;
			productRefGroup = 3C817D731ED622B200FF40A3 /* Products */;
			projectDirPath = "";
			projectRoot = "";
			targets = (
				3C817D711ED622B200FF40A3 /* EmptyApplication */,
			);
		};
/* End PBXProject section */

/* Begin PBXResourcesBuildPhase section */
		3C817D701ED622B200FF40A3 /* Resources */ = {
			isa = PBXResourcesBuildPhase;
			buildActionMask = 2147483647;
			files = (
				3C817D801ED622B300FF40A3 /* LaunchScreen.storyboard in Resources */,
				3C817D7D1ED622B300FF40A3 /* Assets.xcassets in Resources */,
				3C817D7B1ED622B300FF40A3 /* Main.storyboard in Resources */,
			);
			runOnlyForDeploymentPostprocessing = 0;
		};
/* End PBXResourcesBuildPhase section */

/* Begin PBXSourcesBuildPhase section */
		3C817D6E1ED622B200FF40A3 /* Sources */ = {
			isa = PBXSourcesBuildPhase;
			buildActionMask = 2147483647;
			files = (
				3C817D781ED622B200FF40A3 /* ViewController.swift in Sources */,
				3C817D761ED622B200FF40A3 /* AppDelegate.swift in Sources */,
			);
			runOnlyForDeploymentPostprocessing = 0;
		};
/* End PBXSourcesBuildPhase section */

/* Begin PBXVariantGroup section */
		3C817D791ED622B300FF40A3 /* Main.storyboard */ = {
			isa = PBXVariantGroup;
			children = (
				3C817D7A1ED622B300FF40A3 /* Base */,
			);
			name = Main.storyboard;
			sourceTree = "<group>";
		};
		3C817D7E1ED622B300FF40A3 /* LaunchScreen.storyboard */ = {
			isa = PBXVariantGroup;
			children = (
				3C817D7F1ED622B300FF40A3 /* Base */,
			);
			name = LaunchScreen.storyboard;
			sourceTree = "<group>";
		};
/* End PBXVariantGroup section */

/* Begin XCBuildConfiguration section */
		3C817D821ED622B300FF40A3 /* Debug */ = {
			isa = XCBuildConfiguration;
			buildSettings = {
				ALWAYS_SEARCH_USER_PATHS = NO;
				CLANG_ANALYZER_NONNULL = YES;
				CLANG_ANALYZER_NUMBER_OBJECT_CONVERSION = YES_AGGRESSIVE;
				CLANG_CXX_LANGUAGE_STANDARD = "gnu++0x";
				CLANG_CXX_LIBRARY = "libc++";
				CLANG_ENABLE_MODULES = YES;
				CLANG_ENABLE_OBJC_ARC = YES;
				CLANG_WARN_BOOL_CONVERSION = YES;
				CLANG_WARN_CONSTANT_CONVERSION = YES;
				CLANG_WARN_DIRECT_OBJC_ISA_USAGE = YES_ERROR;
				CLANG_WARN_DOCUMENTATION_COMMENTS = YES;
				CLANG_WARN_EMPTY_BODY = YES;
				CLANG_WARN_ENUM_CONVERSION = YES;
				CLANG_WARN_INFINITE_RECURSION = YES;
				CLANG_WARN_INT_CONVERSION = YES;
				CLANG_WARN_OBJC_ROOT_CLASS = YES_ERROR;
				CLANG_WARN_SUSPICIOUS_MOVE = YES;
				CLANG_WARN_UNREACHABLE_CODE = YES;
				CLANG_WARN__DUPLICATE_METHOD_MATCH = YES;
				"CODE_SIGN_IDENTITY[sdk=iphoneos*]" = "iPhone Developer";
				COPY_PHASE_STRIP = NO;
				DEBUG_INFORMATION_FORMAT = dwarf;
				ENABLE_STRICT_OBJC_MSGSEND = YES;
				ENABLE_TESTABILITY = YES;
				GCC_C_LANGUAGE_STANDARD = gnu99;
				GCC_DYNAMIC_NO_PIC = NO;
				GCC_NO_COMMON_BLOCKS = YES;
				GCC_OPTIMIZATION_LEVEL = 0;
				GCC_PREPROCESSOR_DEFINITIONS = (
					"DEBUG=1",
					"$(inherited)",
				);
				GCC_WARN_64_TO_32_BIT_CONVERSION = YES;
				GCC_WARN_ABOUT_RETURN_TYPE = YES_ERROR;
				GCC_WARN_UNDECLARED_SELECTOR = YES;
				GCC_WARN_UNINITIALIZED_AUTOS = YES_AGGRESSIVE;
				GCC_WARN_UNUSED_FUNCTION = YES;
				GCC_WARN_UNUSED_VARIABLE = YES;
				IPHONEOS_DEPLOYMENT_TARGET = 10.3;
				MTL_ENABLE_DEBUG_INFO = YES;
				ONLY_ACTIVE_ARCH = YES;
				SDKROOT = iphoneos;
				SWIFT_ACTIVE_COMPILATION_CONDITIONS = DEBUG;
				SWIFT_OPTIMIZATION_LEVEL = "-Onone";
			};
			name = Debug;
		};
		3C817D831ED622B300FF40A3 /* Release */ = {
			isa = XCBuildConfiguration;
			buildSettings = {
				ALWAYS_SEARCH_USER_PATHS = NO;
				CLANG_ANALYZER_NONNULL = YES;
				CLANG_ANALYZER_NUMBER_OBJECT_CONVERSION = YES_AGGRESSIVE;
				CLANG_CXX_LANGUAGE_STANDARD = "gnu++0x";
				CLANG_CXX_LIBRARY = "libc++";
				CLANG_ENABLE_MODULES = YES;
				CLANG_ENABLE_OBJC_ARC = YES;
				CLANG_WARN_BOOL_CONVERSION = YES;
				CLANG_WARN_CONSTANT_CONVERSION = YES;
				CLANG_WARN_DIRECT_OBJC_ISA_USAGE = YES_ERROR;
				CLANG_WARN_DOCUMENTATION_COMMENTS = YES;
				CLANG_WARN_EMPTY_BODY = YES;
				CLANG_WARN_ENUM_CONVERSION = YES;
				CLANG_WARN_INFINITE_RECURSION = YES;
				CLANG_WARN_INT_CONVERSION = YES;
				CLANG_WARN_OBJC_ROOT_CLASS = YES_ERROR;
				CLANG_WARN_SUSPICIOUS_MOVE = YES;
				CLANG_WARN_UNREACHABLE_CODE = YES;
				CLANG_WARN__DUPLICATE_METHOD_MATCH = YES;
				"CODE_SIGN_IDENTITY[sdk=iphoneos*]" = "iPhone Developer";
				COPY_PHASE_STRIP = NO;
				DEBUG_INFORMATION_FORMAT = "dwarf-with-dsym";
				ENABLE_NS_ASSERTIONS = NO;
				ENABLE_STRICT_OBJC_MSGSEND = YES;
				GCC_C_LANGUAGE_STANDARD = gnu99;
				GCC_NO_COMMON_BLOCKS = YES;
				GCC_WARN_64_TO_32_BIT_CONVERSION = YES;
				GCC_WARN_ABOUT_RETURN_TYPE = YES_ERROR;
				GCC_WARN_UNDECLARED_SELECTOR = YES;
				GCC_WARN_UNINITIALIZED_AUTOS = YES_AGGRESSIVE;
				GCC_WARN_UNUSED_FUNCTION = YES;
				GCC_WARN_UNUSED_VARIABLE = YES;
				IPHONEOS_DEPLOYMENT_TARGET = 10.3;
				MTL_ENABLE_DEBUG_INFO = NO;
				SDKROOT = iphoneos;
				SWIFT_OPTIMIZATION_LEVEL = "-Owholemodule";
				VALIDATE_PRODUCT = YES;
			};
			name = Release;
		};
		3C817D851ED622B300FF40A3 /* Debug */ = {
			isa = XCBuildConfiguration;
			buildSettings = {
				ASSETCATALOG_COMPILER_APPICON_NAME = AppIcon;
				INFOPLIST_FILE = EmptyApplication/Info.plist;
				LD_RUNPATH_SEARCH_PATHS = "$(inherited) @executable_path/Frameworks";
				PRODUCT_BUNDLE_IDENTIFIER = com.zpotutorials.EmptyApplication;
				PRODUCT_NAME = "$(TARGET_NAME)";
				SWIFT_VERSION = 3.0;
			};
			name = Debug;
		};
		3C817D861ED622B300FF40A3 /* Release */ = {
			isa = XCBuildConfiguration;
			buildSettings = {
				ASSETCATALOG_COMPILER_APPICON_NAME = AppIcon;
				INFOPLIST_FILE = EmptyApplication/Info.plist;
				LD_RUNPATH_SEARCH_PATHS = "$(inherited) @executable_path/Frameworks";
				PRODUCT_BUNDLE_IDENTIFIER = com.zpotutorials.EmptyApplication;
				PRODUCT_NAME = "$(TARGET_NAME)";
				SWIFT_VERSION = 3.0;
			};
			name = Release;
		};
/* End XCBuildConfiguration section */

/* Begin XCConfigurationList section */
		3C817D6D1ED622B200FF40A3 /* Build configuration list for PBXProject "EmptyApplication" */ = {
			isa = XCConfigurationList;
			buildConfigurations = (
				3C817D821ED622B300FF40A3 /* Debug */,
				3C817D831ED622B300FF40A3 /* Release */,
			);
			defaultConfigurationIsVisible = 0;
			defaultConfigurationName = Release;
		};
		3C817D841ED622B300FF40A3 /* Build configuration list for PBXNativeTarget "EmptyApplication" */ = {
			isa = XCConfigurationList;
			buildConfigurations = (
				3C817D851ED622B300FF40A3 /* Debug */,
				3C817D861ED622B300FF40A3 /* Release */,
			);
			defaultConfigurationIsVisible = 0;
		};
/* End XCConfigurationList section */
	};
	rootObject = 3C817D6A1ED622B200FF40A3 /* Project object */;
}
